
Microsoft Visual Studio Solution File, Format Version 12.00
# Visual Studio 15
VisualStudioVersion = 15.0.27130.0
MinimumVisualStudioVersion = 10.0.40219.1
Project("{9A19103F-16F7-4668-BE54-9A1E7A4F7556}") = "Alzaitu.Lacewing.Wrapper", "Alzaitu.Lacewing.Wrapper\Alzaitu.Lacewing.Wrapper.csproj", "{11AC8C4C-46A8-410E-859C-53DD0175507E}"
EndProject
Project("{FAE04EC0-301F-11D3-BF4B-00C04F79EFBC}") = "Alzaitu.Lacewing.Tests", "Alzaitu.Lacewing.Tests\Alzaitu.Lacewing.Tests.csproj", "{D17B0892-80A3-4238-87E9-7D4C5235BACC}"
EndProject
Global
	GlobalSection(SolutionConfigurationPlatforms) = preSolution
		Debug|Any CPU = Debug|Any CPU
		Release|Any CPU = Release|Any CPU
	EndGlobalSection
	GlobalSection(ProjectConfigurationPlatforms) = postSolution
		{11AC8C4C-46A8-410E-859C-53DD0175507E}.Debug|Any CPU.ActiveCfg = Debug|Any CPU
		{11AC8C4C-46A8-410E-859C-53DD0175507E}.Debug|Any CPU.Build.0 = Debug|Any CPU
		{11AC8C4C-46A8-410E-859C-53DD0175507E}.Release|Any CPU.ActiveCfg = Release|Any CPU
		{11AC8C4C-46A8-410E-859C-53DD0175507E}.Release|Any CPU.Build.0 = Release|Any CPU
		{D17B0892-80A3-4238-87E9-7D4C5235BACC}.Debug|Any CPU.ActiveCfg = Debug|Any CPU
		{D17B0892-80A3-4238-87E9-7D4C5235BACC}.Debug|Any CPU.Build.0 = Debug|Any CPU
		{D17B0892-80A3-4238-87E9-7D4C5235BACC}.Release|Any CPU.ActiveCfg = Release|Any CPU
		{D17B0892-80A3-4238-87E9-7D4C5235BACC}.Release|Any CPU.Build.0 = Release|Any CPU
	EndGlobalSection
	GlobalSection(SolutionProperties) = preSolution
		HideSolutionNode = FALSE
	EndGlobalSection
	GlobalSection(ExtensibilityGlobals) = postSolution
		SolutionGuid = {8804A552-91A8-426A-A789-BA0383D5EFAB}
	EndGlobalSection
EndGlobal
